
Microsoft Visual Studio Solution File, Format Version 12.00
# Visual Studio 15
VisualStudioVersion = 15.0.27703.2042
MinimumVisualStudioVersion = 10.0.40219.1
Project("{FAE04EC0-301F-11D3-BF4B-00C04F79EFBC}") = "SGEI", "login v6\SGEI.csproj", "{BBB60A5F-D8FA-44C7-9E9C-BD8BEDE70FF5}"
EndProject
Project("{FAE04EC0-301F-11D3-BF4B-00C04F79EFBC}") = "Model", "Model\Model.csproj", "{F0C9FB28-D5EC-4F25-99E3-F42304A69E5D}"
EndProject
Project("{FAE04EC0-301F-11D3-BF4B-00C04F79EFBC}") = "Negocio", "Negocio\Negocio.csproj", "{5129B1AF-7897-4BA5-AB81-938A31AB624A}"
EndProject
Global
	GlobalSection(SolutionConfigurationPlatforms) = preSolution
		Debug|Any CPU = Debug|Any CPU
		Release|Any CPU = Release|Any CPU
	EndGlobalSection
	GlobalSection(ProjectConfigurationPlatforms) = postSolution
		{BBB60A5F-D8FA-44C7-9E9C-BD8BEDE70FF5}.Debug|Any CPU.ActiveCfg = Debug|Any CPU
		{BBB60A5F-D8FA-44C7-9E9C-BD8BEDE70FF5}.Debug|Any CPU.Build.0 = Debug|Any CPU
		{BBB60A5F-D8FA-44C7-9E9C-BD8BEDE70FF5}.Release|Any CPU.ActiveCfg = Release|Any CPU
		{BBB60A5F-D8FA-44C7-9E9C-BD8BEDE70FF5}.Release|Any CPU.Build.0 = Release|Any CPU
		{F0C9FB28-D5EC-4F25-99E3-F42304A69E5D}.Debug|Any CPU.ActiveCfg = Debug|Any CPU
		{F0C9FB28-D5EC-4F25-99E3-F42304A69E5D}.Debug|Any CPU.Build.0 = Debug|Any CPU
		{F0C9FB28-D5EC-4F25-99E3-F42304A69E5D}.Release|Any CPU.ActiveCfg = Release|Any CPU
		{F0C9FB28-D5EC-4F25-99E3-F42304A69E5D}.Release|Any CPU.Build.0 = Release|Any CPU
		{5129B1AF-7897-4BA5-AB81-938A31AB624A}.Debug|Any CPU.ActiveCfg = Debug|Any CPU
		{5129B1AF-7897-4BA5-AB81-938A31AB624A}.Debug|Any CPU.Build.0 = Debug|Any CPU
		{5129B1AF-7897-4BA5-AB81-938A31AB624A}.Release|Any CPU.ActiveCfg = Release|Any CPU
		{5129B1AF-7897-4BA5-AB81-938A31AB624A}.Release|Any CPU.Build.0 = Release|Any CPU
	EndGlobalSection
	GlobalSection(SolutionProperties) = preSolution
		HideSolutionNode = FALSE
	EndGlobalSection
	GlobalSection(ExtensibilityGlobals) = postSolution
		SolutionGuid = {80CBA542-F513-4CFA-B0DA-2019476138F0}
	EndGlobalSection
EndGlobal
